
Microsoft Visual Studio Solution File, Format Version 12.00
# Visual Studio Version 17
VisualStudioVersion = 17.14.36221.1
MinimumVisualStudioVersion = 10.0.40219.1
Project("{FAE04EC0-301F-11D3-BF4B-00C04F79EFBC}") = "CloudGamesAPI", "CloudGames\CloudGamesAPI.csproj", "{677F9632-FBA8-4C61-AD48-7F33AF146801}"
EndProject
Project("{FAE04EC0-301F-11D3-BF4B-00C04F79EFBC}") = "Infrastructure", "Infrastructure\Infrastructure.csproj", "{C2EDFB29-0A33-49D2-941D-37ED264428F1}"
EndProject
Project("{FAE04EC0-301F-11D3-BF4B-00C04F79EFBC}") = "CloudGames.Test", "tests\CloudGames.Test\CloudGames.Test.csproj", "{2EF7A23F-1633-498D-A3B4-1C53F7297EB8}"
EndProject
Project("{FAE04EC0-301F-11D3-BF4B-00C04F79EFBC}") = "Core", "Core\Core.csproj", "{5ED06CAD-956C-C94D-BC0C-E89E30A887C2}"
EndProject
Project("{E53339B2-1760-4266-BCC7-CA923CBCF16C}") = "docker-compose", "docker-compose.dcproj", "{81DDED9D-158B-E303-5F62-77A2896D2A5A}"
EndProject
Global
	GlobalSection(SolutionConfigurationPlatforms) = preSolution
		Debug|Any CPU = Debug|Any CPU
		Release|Any CPU = Release|Any CPU
	EndGlobalSection
	GlobalSection(ProjectConfigurationPlatforms) = postSolution
		{677F9632-FBA8-4C61-AD48-7F33AF146801}.Debug|Any CPU.ActiveCfg = Debug|Any CPU
		{677F9632-FBA8-4C61-AD48-7F33AF146801}.Debug|Any CPU.Build.0 = Debug|Any CPU
		{677F9632-FBA8-4C61-AD48-7F33AF146801}.Release|Any CPU.ActiveCfg = Release|Any CPU
		{677F9632-FBA8-4C61-AD48-7F33AF146801}.Release|Any CPU.Build.0 = Release|Any CPU
		{C2EDFB29-0A33-49D2-941D-37ED264428F1}.Debug|Any CPU.ActiveCfg = Debug|Any CPU
		{C2EDFB29-0A33-49D2-941D-37ED264428F1}.Debug|Any CPU.Build.0 = Debug|Any CPU
		{C2EDFB29-0A33-49D2-941D-37ED264428F1}.Release|Any CPU.ActiveCfg = Release|Any CPU
		{C2EDFB29-0A33-49D2-941D-37ED264428F1}.Release|Any CPU.Build.0 = Release|Any CPU
		{2EF7A23F-1633-498D-A3B4-1C53F7297EB8}.Debug|Any CPU.ActiveCfg = Debug|Any CPU
		{2EF7A23F-1633-498D-A3B4-1C53F7297EB8}.Debug|Any CPU.Build.0 = Debug|Any CPU
		{2EF7A23F-1633-498D-A3B4-1C53F7297EB8}.Release|Any CPU.ActiveCfg = Release|Any CPU
		{2EF7A23F-1633-498D-A3B4-1C53F7297EB8}.Release|Any CPU.Build.0 = Release|Any CPU
		{5ED06CAD-956C-C94D-BC0C-E89E30A887C2}.Debug|Any CPU.ActiveCfg = Debug|Any CPU
		{5ED06CAD-956C-C94D-BC0C-E89E30A887C2}.Debug|Any CPU.Build.0 = Debug|Any CPU
		{5ED06CAD-956C-C94D-BC0C-E89E30A887C2}.Release|Any CPU.ActiveCfg = Release|Any CPU
		{5ED06CAD-956C-C94D-BC0C-E89E30A887C2}.Release|Any CPU.Build.0 = Release|Any CPU
		{81DDED9D-158B-E303-5F62-77A2896D2A5A}.Debug|Any CPU.ActiveCfg = Debug|Any CPU
		{81DDED9D-158B-E303-5F62-77A2896D2A5A}.Debug|Any CPU.Build.0 = Debug|Any CPU
		{81DDED9D-158B-E303-5F62-77A2896D2A5A}.Release|Any CPU.ActiveCfg = Release|Any CPU
		{81DDED9D-158B-E303-5F62-77A2896D2A5A}.Release|Any CPU.Build.0 = Release|Any CPU
	EndGlobalSection
	GlobalSection(SolutionProperties) = preSolution
		HideSolutionNode = FALSE
	EndGlobalSection
	GlobalSection(ExtensibilityGlobals) = postSolution
		SolutionGuid = {42490130-6E3B-4207-BCCF-F67EB95F829F}
	EndGlobalSection
EndGlobal
